
Microsoft Visual Studio Solution File, Format Version 11.00
# Visual Studio 2010
Project("{FAE04EC0-301F-11D3-BF4B-00C04F79EFBC}") = "ContactClassLibrary", "ContactClassLibrary\ContactClassLibrary.csproj", "{F81BDC72-8433-432B-992F-91534B96E13F}"
EndProject
Project("{FAE04EC0-301F-11D3-BF4B-00C04F79EFBC}") = "ContactServiceHost", "ContactServiceHost\ContactServiceHost.csproj", "{4FDFB5EF-585C-40F3-9C45-9208C2AF6F2B}"
EndProject
Global
	GlobalSection(SolutionConfigurationPlatforms) = preSolution
		Debug|Any CPU = Debug|Any CPU
		Release|Any CPU = Release|Any CPU
	EndGlobalSection
	GlobalSection(ProjectConfigurationPlatforms) = postSolution
		{F81BDC72-8433-432B-992F-91534B96E13F}.Debug|Any CPU.ActiveCfg = Debug|Any CPU
		{F81BDC72-8433-432B-992F-91534B96E13F}.Debug|Any CPU.Build.0 = Debug|Any CPU
		{F81BDC72-8433-432B-992F-91534B96E13F}.Release|Any CPU.ActiveCfg = Release|Any CPU
		{F81BDC72-8433-432B-992F-91534B96E13F}.Release|Any CPU.Build.0 = Release|Any CPU
		{4FDFB5EF-585C-40F3-9C45-9208C2AF6F2B}.Debug|Any CPU.ActiveCfg = Debug|Any CPU
		{4FDFB5EF-585C-40F3-9C45-9208C2AF6F2B}.Debug|Any CPU.Build.0 = Debug|Any CPU
		{4FDFB5EF-585C-40F3-9C45-9208C2AF6F2B}.Release|Any CPU.ActiveCfg = Release|Any CPU
		{4FDFB5EF-585C-40F3-9C45-9208C2AF6F2B}.Release|Any CPU.Build.0 = Release|Any CPU
	EndGlobalSection
	GlobalSection(SolutionProperties) = preSolution
		HideSolutionNode = FALSE
	EndGlobalSection
EndGlobal
